
Microsoft Visual Studio Solution File, Format Version 12.00
# Visual Studio Version 16
VisualStudioVersion = 16.0.28531.58
MinimumVisualStudioVersion = 10.0.40219.1
Project("{9A19103F-16F7-4668-BE54-9A1E7A4F7556}") = "zulu", "zulu.csproj", "{C6DCCD80-3468-469D-A0A9-4FFCF2BB3EEE}"
EndProject
Global
	GlobalSection(SolutionConfigurationPlatforms) = preSolution
		Debug|Any CPU = Debug|Any CPU
		Release|Any CPU = Release|Any CPU
	EndGlobalSection
	GlobalSection(ProjectConfigurationPlatforms) = postSolution
		{C6DCCD80-3468-469D-A0A9-4FFCF2BB3EEE}.Debug|Any CPU.ActiveCfg = Debug|Any CPU
		{C6DCCD80-3468-469D-A0A9-4FFCF2BB3EEE}.Debug|Any CPU.Build.0 = Debug|Any CPU
		{C6DCCD80-3468-469D-A0A9-4FFCF2BB3EEE}.Release|Any CPU.ActiveCfg = Release|Any CPU
		{C6DCCD80-3468-469D-A0A9-4FFCF2BB3EEE}.Release|Any CPU.Build.0 = Release|Any CPU
	EndGlobalSection
	GlobalSection(SolutionProperties) = preSolution
		HideSolutionNode = FALSE
	EndGlobalSection
	GlobalSection(ExtensibilityGlobals) = postSolution
		SolutionGuid = {7C1E2ADA-3EE7-4F23-850D-0A4587CF51C1}
	EndGlobalSection
EndGlobal
